
Microsoft Visual Studio Solution File, Format Version 12.00
# Visual Studio Version 17
VisualStudioVersion = 17.11.35431.28
MinimumVisualStudioVersion = 10.0.40219.1
Project("{FAE04EC0-301F-11D3-BF4B-00C04F79EFBC}") = "WindowsFormsApp3", "WindowsFormsApp3\WindowsFormsApp3.csproj", "{27E759FC-FCD2-4212-8FD9-1878787EC8CD}"
EndProject
Global
	GlobalSection(SolutionConfigurationPlatforms) = preSolution
		Debug|Any CPU = Debug|Any CPU
		Release|Any CPU = Release|Any CPU
	EndGlobalSection
	GlobalSection(ProjectConfigurationPlatforms) = postSolution
		{27E759FC-FCD2-4212-8FD9-1878787EC8CD}.Debug|Any CPU.ActiveCfg = Debug|Any CPU
		{27E759FC-FCD2-4212-8FD9-1878787EC8CD}.Debug|Any CPU.Build.0 = Debug|Any CPU
		{27E759FC-FCD2-4212-8FD9-1878787EC8CD}.Release|Any CPU.ActiveCfg = Release|Any CPU
		{27E759FC-FCD2-4212-8FD9-1878787EC8CD}.Release|Any CPU.Build.0 = Release|Any CPU
	EndGlobalSection
	GlobalSection(SolutionProperties) = preSolution
		HideSolutionNode = FALSE
	EndGlobalSection
	GlobalSection(ExtensibilityGlobals) = postSolution
		SolutionGuid = {AB5F2F00-70C4-4669-A81C-B27798D46434}
	EndGlobalSection
EndGlobal
